
Microsoft Visual Studio Solution File, Format Version 12.00
# Visual Studio Version 17
VisualStudioVersion = 17.12.35527.113 d17.12
MinimumVisualStudioVersion = 10.0.40219.1
Project("{FAE04EC0-301F-11D3-BF4B-00C04F79EFBC}") = "9310_questions", "9310_questions\9310_questions.csproj", "{97AAE509-D26F-4711-8DE1-B01BBFC55561}"
EndProject
Global
	GlobalSection(SolutionConfigurationPlatforms) = preSolution
		Debug|Any CPU = Debug|Any CPU
		Release|Any CPU = Release|Any CPU
	EndGlobalSection
	GlobalSection(ProjectConfigurationPlatforms) = postSolution
		{97AAE509-D26F-4711-8DE1-B01BBFC55561}.Debug|Any CPU.ActiveCfg = Debug|Any CPU
		{97AAE509-D26F-4711-8DE1-B01BBFC55561}.Debug|Any CPU.Build.0 = Debug|Any CPU
		{97AAE509-D26F-4711-8DE1-B01BBFC55561}.Release|Any CPU.ActiveCfg = Release|Any CPU
		{97AAE509-D26F-4711-8DE1-B01BBFC55561}.Release|Any CPU.Build.0 = Release|Any CPU
	EndGlobalSection
	GlobalSection(SolutionProperties) = preSolution
		HideSolutionNode = FALSE
	EndGlobalSection
EndGlobal
